// !$*UTF8*$!
{
	archiveVersion = 1;
	classes = {
	};
	objectVersion = 55;
	objects = {

/* Begin PBXBuildFile section */
		79CA6E6A27DC780300014A31 /* DetailsView.swift in Sources */ = {isa = PBXBuildFile; fileRef = 79CA6E6927DC780300014A31 /* DetailsView.swift */; };
		79FA02FF27D290A100F41B29 /* AppDelegate.swift in Sources */ = {isa = PBXBuildFile; fileRef = 79FA02FE27D290A100F41B29 /* AppDelegate.swift */; };
		79FA030127D290A100F41B29 /* SceneDelegate.swift in Sources */ = {isa = PBXBuildFile; fileRef = 79FA030027D290A100F41B29 /* SceneDelegate.swift */; };
		79FA030327D290A100F41B29 /* ViewController.swift in Sources */ = {isa = PBXBuildFile; fileRef = 79FA030227D290A100F41B29 /* ViewController.swift */; };
		79FA030627D290A100F41B29 /* Main.storyboard in Resources */ = {isa = PBXBuildFile; fileRef = 79FA030427D290A100F41B29 /* Main.storyboard */; };
		79FA030827D290A400F41B29 /* Assets.xcassets in Resources */ = {isa = PBXBuildFile; fileRef = 79FA030727D290A400F41B29 /* Assets.xcassets */; };
		79FA030B27D290A400F41B29 /* LaunchScreen.storyboard in Resources */ = {isa = PBXBuildFile; fileRef = 79FA030927D290A400F41B29 /* LaunchScreen.storyboard */; };
		79FA031327D2911300F41B29 /* MenuView.swift in Sources */ = {isa = PBXBuildFile; fileRef = 79FA031227D2911300F41B29 /* MenuView.swift */; };
		79FA031627D291AD00F41B29 /* MenuProfileHeader.swift in Sources */ = {isa = PBXBuildFile; fileRef = 79FA031527D291AD00F41B29 /* MenuProfileHeader.swift */; };
		79FA031827D2922B00F41B29 /* HelperFunctions.swift in Sources */ = {isa = PBXBuildFile; fileRef = 79FA031727D2922B00F41B29 /* HelperFunctions.swift */; };
		79FA031A27D2967600F41B29 /* MenuOptionsCell.swift in Sources */ = {isa = PBXBuildFile; fileRef = 79FA031927D2967600F41B29 /* MenuOptionsCell.swift */; };
		79FA031C27D2A3DC00F41B29 /* IndicatorView.swift in Sources */ = {isa = PBXBuildFile; fileRef = 79FA031B27D2A3DC00F41B29 /* IndicatorView.swift */; };
/* End PBXBuildFile section */

/* Begin PBXFileReference section */
		79CA6E6927DC780300014A31 /* DetailsView.swift */ = {isa = PBXFileReference; lastKnownFileType = sourcecode.swift; path = DetailsView.swift; sourceTree = "<group>"; };
		79FA02FB27D290A100F41B29 /* 3D Nav Drawer.app */ = {isa = PBXFileReference; explicitFileType = wrapper.application; includeInIndex = 0; path = "3D Nav Drawer.app"; sourceTree = BUILT_PRODUCTS_DIR; };
		79FA02FE27D290A100F41B29 /* AppDelegate.swift */ = {isa = PBXFileReference; lastKnownFileType = sourcecode.swift; path = AppDelegate.swift; sourceTree = "<group>"; };
		79FA030027D290A100F41B29 /* SceneDelegate.swift */ = {isa = PBXFileReference; lastKnownFileType = sourcecode.swift; path = SceneDelegate.swift; sourceTree = "<group>"; };
		79FA030227D290A100F41B29 /* ViewController.swift */ = {isa = PBXFileReference; lastKnownFileType = sourcecode.swift; path = ViewController.swift; sourceTree = "<group>"; };
		79FA030527D290A100F41B29 /* Base */ = {isa = PBXFileReference; lastKnownFileType = file.storyboard; name = Base; path = Base.lproj/Main.storyboard; sourceTree = "<group>"; };
		79FA030727D290A400F41B29 /* Assets.xcassets */ = {isa = PBXFileReference; lastKnownFileType = folder.assetcatalog; path = Assets.xcassets; sourceTree = "<group>"; };
		79FA030A27D290A400F41B29 /* Base */ = {isa = PBXFileReference; lastKnownFileType = file.storyboard; name = Base; path = Base.lproj/LaunchScreen.storyboard; sourceTree = "<group>"; };
		79FA030C27D290A400F41B29 /* Info.plist */ = {isa = PBXFileReference; lastKnownFileType = text.plist.xml; path = Info.plist; sourceTree = "<group>"; };
		79FA031227D2911300F41B29 /* MenuView.swift */ = {isa = PBXFileReference; lastKnownFileType = sourcecode.swift; path = MenuView.swift; sourceTree = "<group>"; };
		79FA031527D291AD00F41B29 /* MenuProfileHeader.swift */ = {isa = PBXFileReference; lastKnownFileType = sourcecode.swift; path = MenuProfileHeader.swift; sourceTree = "<group>"; };
		79FA031727D2922B00F41B29 /* HelperFunctions.swift */ = {isa = PBXFileReference; lastKnownFileType = sourcecode.swift; path = HelperFunctions.swift; sourceTree = "<group>"; };
		79FA031927D2967600F41B29 /* MenuOptionsCell.swift */ = {isa = PBXFileReference; lastKnownFileType = sourcecode.swift; path = MenuOptionsCell.swift; sourceTree = "<group>"; };
		79FA031B27D2A3DC00F41B29 /* IndicatorView.swift */ = {isa = PBXFileReference; lastKnownFileType = sourcecode.swift; path = IndicatorView.swift; sourceTree = "<group>"; };
/* End PBXFileReference section */

/* Begin PBXFrameworksBuildPhase section */
		79FA02F827D290A100F41B29 /* Frameworks */ = {
			isa = PBXFrameworksBuildPhase;
			buildActionMask = 2147483647;
			files = (
			);
			runOnlyForDeploymentPostprocessing = 0;
		};
/* End PBXFrameworksBuildPhase section */

/* Begin PBXGroup section */
		79FA02F227D290A100F41B29 = {
			isa = PBXGroup;
			children = (
				79FA02FD27D290A100F41B29 /* 3D Nav Drawer */,
				79FA02FC27D290A100F41B29 /* Products */,
			);
			sourceTree = "<group>";
		};
		79FA02FC27D290A100F41B29 /* Products */ = {
			isa = PBXGroup;
			children = (
				79FA02FB27D290A100F41B29 /* 3D Nav Drawer.app */,
			);
			name = Products;
			sourceTree = "<group>";
		};
		79FA02FD27D290A100F41B29 /* 3D Nav Drawer */ = {
			isa = PBXGroup;
			children = (
				79FA02FE27D290A100F41B29 /* AppDelegate.swift */,
				79FA030027D290A100F41B29 /* SceneDelegate.swift */,
				79FA031727D2922B00F41B29 /* HelperFunctions.swift */,
				79FA031427D2911A00F41B29 /* Views */,
				79FA030427D290A100F41B29 /* Main.storyboard */,
				79FA030727D290A400F41B29 /* Assets.xcassets */,
				79FA030927D290A400F41B29 /* LaunchScreen.storyboard */,
				79FA030C27D290A400F41B29 /* Info.plist */,
			);
			path = "3D Nav Drawer";
			sourceTree = "<group>";
		};
		79FA031427D2911A00F41B29 /* Views */ = {
			isa = PBXGroup;
			children = (
				79FA031B27D2A3DC00F41B29 /* IndicatorView.swift */,
				79FA031927D2967600F41B29 /* MenuOptionsCell.swift */,
				79FA030227D290A100F41B29 /* ViewController.swift */,
				79CA6E6927DC780300014A31 /* DetailsView.swift */,
				79FA031227D2911300F41B29 /* MenuView.swift */,
				79FA031527D291AD00F41B29 /* MenuProfileHeader.swift */,
			);
			path = Views;
			sourceTree = "<group>";
		};
/* End PBXGroup section */

/* Begin PBXNativeTarget section */
		79FA02FA27D290A100F41B29 /* 3D Nav Drawer */ = {
			isa = PBXNativeTarget;
			buildConfigurationList = 79FA030F27D290A400F41B29 /* Build configuration list for PBXNativeTarget "3D Nav Drawer" */;
			buildPhases = (
				79FA02F727D290A100F41B29 /* Sources */,
				79FA02F827D290A100F41B29 /* Frameworks */,
				79FA02F927D290A100F41B29 /* Resources */,
			);
			buildRules = (
			);
			dependencies = (
			);
			name = "3D Nav Drawer";
			productName = "3D Nav Drawer";
			productReference = 79FA02FB27D290A100F41B29 /* 3D Nav Drawer.app */;
			productType = "com.apple.product-type.application";
		};
/* End PBXNativeTarget section */

/* Begin PBXProject section */
		79FA02F327D290A100F41B29 /* Project object */ = {
			isa = PBXProject;
			attributes = {
				BuildIndependentTargetsInParallel = 1;
				LastSwiftUpdateCheck = 1320;
				LastUpgradeCheck = 1320;
				TargetAttributes = {
					79FA02FA27D290A100F41B29 = {
						CreatedOnToolsVersion = 13.2.1;
					};
				};
			};
			buildConfigurationList = 79FA02F627D290A100F41B29 /* Build configuration list for PBXProject "3D Nav Drawer" */;
			compatibilityVersion = "Xcode 13.0";
			developmentRegion = en;
			hasScannedForEncodings = 0;
			knownRegions = (
				en,
				Base,
			);
			mainGroup = 79FA02F227D290A100F41B29;
			productRefGroup = 79FA02FC27D290A100F41B29 /* Products */;
			projectDirPath = "";
			projectRoot = "";
			targets = (
				79FA02FA27D290A100F41B29 /* 3D Nav Drawer */,
			);
		};
/* End PBXProject section */

/* Begin PBXResourcesBuildPhase section */
		79FA02F927D290A100F41B29 /* Resources */ = {
			isa = PBXResourcesBuildPhase;
			buildActionMask = 2147483647;
			files = (
				79FA030B27D290A400F41B29 /* LaunchScreen.storyboard in Resources */,
				79FA030827D290A400F41B29 /* Assets.xcassets in Resources */,
				79FA030627D290A100F41B29 /* Main.storyboard in Resources */,
			);
			runOnlyForDeploymentPostprocessing = 0;
		};
/* End PBXResourcesBuildPhase section */

/* Begin PBXSourcesBuildPhase section */
		79FA02F727D290A100F41B29 /* Sources */ = {
			isa = PBXSourcesBuildPhase;
			buildActionMask = 2147483647;
			files = (
				79FA030327D290A100F41B29 /* ViewController.swift in Sources */,
				79FA031327D2911300F41B29 /* MenuView.swift in Sources */,
				79CA6E6A27DC780300014A31 /* DetailsView.swift in Sources */,
				79FA031A27D2967600F41B29 /* MenuOptionsCell.swift in Sources */,
				79FA031627D291AD00F41B29 /* MenuProfileHeader.swift in Sources */,
				79FA02FF27D290A100F41B29 /* AppDelegate.swift in Sources */,
				79FA030127D290A100F41B29 /* SceneDelegate.swift in Sources */,
				79FA031C27D2A3DC00F41B29 /* IndicatorView.swift in Sources */,
				79FA031827D2922B00F41B29 /* HelperFunctions.swift in Sources */,
			);
			runOnlyForDeploymentPostprocessing = 0;
		};
/* End PBXSourcesBuildPhase section */

/* Begin PBXVariantGroup section */
		79FA030427D290A100F41B29 /* Main.storyboard */ = {
			isa = PBXVariantGroup;
			children = (
				79FA030527D290A100F41B29 /* Base */,
			);
			name = Main.storyboard;
			sourceTree = "<group>";
		};
		79FA030927D290A400F41B29 /* LaunchScreen.storyboard */ = {
			isa = PBXVariantGroup;
			children = (
				79FA030A27D290A400F41B29 /* Base */,
			);
			name = LaunchScreen.storyboard;
			sourceTree = "<group>";
		};
/* End PBXVariantGroup section */

/* Begin XCBuildConfiguration section */
		79FA030D27D290A400F41B29 /* Debug */ = {
			isa = XCBuildConfiguration;
			buildSettings = {
				ALWAYS_SEARCH_USER_PATHS = NO;
				CLANG_ANALYZER_NONNULL = YES;
				CLANG_ANALYZER_NUMBER_OBJECT_CONVERSION = YES_AGGRESSIVE;
				CLANG_CXX_LANGUAGE_STANDARD = "gnu++17";
				CLANG_CXX_LIBRARY = "libc++";
				CLANG_ENABLE_MODULES = YES;
				CLANG_ENABLE_OBJC_ARC = YES;
				CLANG_ENABLE_OBJC_WEAK = YES;
				CLANG_WARN_BLOCK_CAPTURE_AUTORELEASING = YES;
				CLANG_WARN_BOOL_CONVERSION = YES;
				CLANG_WARN_COMMA = YES;
				CLANG_WARN_CONSTANT_CONVERSION = YES;
				CLANG_WARN_DEPRECATED_OBJC_IMPLEMENTATIONS = YES;
				CLANG_WARN_DIRECT_OBJC_ISA_USAGE = YES_ERROR;
				CLANG_WARN_DOCUMENTATION_COMMENTS = YES;
				CLANG_WARN_EMPTY_BODY = YES;
				CLANG_WARN_ENUM_CONVERSION = YES;
				CLANG_WARN_INFINITE_RECURSION = YES;
				CLANG_WARN_INT_CONVERSION = YES;
				CLANG_WARN_NON_LITERAL_NULL_CONVERSION = YES;
				CLANG_WARN_OBJC_IMPLICIT_RETAIN_SELF = YES;
				CLANG_WARN_OBJC_LITERAL_CONVERSION = YES;
				CLANG_WARN_OBJC_ROOT_CLASS = YES_ERROR;
				CLANG_WARN_QUOTED_INCLUDE_IN_FRAMEWORK_HEADER = YES;
				CLANG_WARN_RANGE_LOOP_ANALYSIS = YES;
				CLANG_WARN_STRICT_PROTOTYPES = YES;
				CLANG_WARN_SUSPICIOUS_MOVE = YES;
				CLANG_WARN_UNGUARDED_AVAILABILITY = YES_AGGRESSIVE;
				CLANG_WARN_UNREACHABLE_CODE = YES;
				CLANG_WARN__DUPLICATE_METHOD_MATCH = YES;
				COPY_PHASE_STRIP = NO;
				DEBUG_INFORMATION_FORMAT = dwarf;
				ENABLE_STRICT_OBJC_MSGSEND = YES;
				ENABLE_TESTABILITY = YES;
				GCC_C_LANGUAGE_STANDARD = gnu11;
				GCC_DYNAMIC_NO_PIC = NO;
				GCC_NO_COMMON_BLOCKS = YES;
				GCC_OPTIMIZATION_LEVEL = 0;
				GCC_PREPROCESSOR_DEFINITIONS = (
					"DEBUG=1",
					"$(inherited)",
				);
				GCC_WARN_64_TO_32_BIT_CONVERSION = YES;
				GCC_WARN_ABOUT_RETURN_TYPE = YES_ERROR;
				GCC_WARN_UNDECLARED_SELECTOR = YES;
				GCC_WARN_UNINITIALIZED_AUTOS = YES_AGGRESSIVE;
				GCC_WARN_UNUSED_FUNCTION = YES;
				GCC_WARN_UNUSED_VARIABLE = YES;
				IPHONEOS_DEPLOYMENT_TARGET = 15.2;
				MTL_ENABLE_DEBUG_INFO = INCLUDE_SOURCE;
				MTL_FAST_MATH = YES;
				ONLY_ACTIVE_ARCH = YES;
				SDKROOT = iphoneos;
				SWIFT_ACTIVE_COMPILATION_CONDITIONS = DEBUG;
				SWIFT_OPTIMIZATION_LEVEL = "-Onone";
			};
			name = Debug;
		};
		79FA030E27D290A400F41B29 /* Release */ = {
			isa = XCBuildConfiguration;
			buildSettings = {
				ALWAYS_SEARCH_USER_PATHS = NO;
				CLANG_ANALYZER_NONNULL = YES;
				CLANG_ANALYZER_NUMBER_OBJECT_CONVERSION = YES_AGGRESSIVE;
				CLANG_CXX_LANGUAGE_STANDARD = "gnu++17";
				CLANG_CXX_LIBRARY = "libc++";
				CLANG_ENABLE_MODULES = YES;
				CLANG_ENABLE_OBJC_ARC = YES;
				CLANG_ENABLE_OBJC_WEAK = YES;
				CLANG_WARN_BLOCK_CAPTURE_AUTORELEASING = YES;
				CLANG_WARN_BOOL_CONVERSION = YES;
				CLANG_WARN_COMMA = YES;
				CLANG_WARN_CONSTANT_CONVERSION = YES;
				CLANG_WARN_DEPRECATED_OBJC_IMPLEMENTATIONS = YES;
				CLANG_WARN_DIRECT_OBJC_ISA_USAGE = YES_ERROR;
				CLANG_WARN_DOCUMENTATION_COMMENTS = YES;
				CLANG_WARN_EMPTY_BODY = YES;
				CLANG_WARN_ENUM_CONVERSION = YES;
				CLANG_WARN_INFINITE_RECURSION = YES;
				CLANG_WARN_INT_CONVERSION = YES;
				CLANG_WARN_NON_LITERAL_NULL_CONVERSION = YES;
				CLANG_WARN_OBJC_IMPLICIT_RETAIN_SELF = YES;
				CLANG_WARN_OBJC_LITERAL_CONVERSION = YES;
				CLANG_WARN_OBJC_ROOT_CLASS = YES_ERROR;
				CLANG_WARN_QUOTED_INCLUDE_IN_FRAMEWORK_HEADER = YES;
				CLANG_WARN_RANGE_LOOP_ANALYSIS = YES;
				CLANG_WARN_STRICT_PROTOTYPES = YES;
				CLANG_WARN_SUSPICIOUS_MOVE = YES;
				CLANG_WARN_UNGUARDED_AVAILABILITY = YES_AGGRESSIVE;
				CLANG_WARN_UNREACHABLE_CODE = YES;
				CLANG_WARN__DUPLICATE_METHOD_MATCH = YES;
				COPY_PHASE_STRIP = NO;
				DEBUG_INFORMATION_FORMAT = "dwarf-with-dsym";
				ENABLE_NS_ASSERTIONS = NO;
				ENABLE_STRICT_OBJC_MSGSEND = YES;
				GCC_C_LANGUAGE_STANDARD = gnu11;
				GCC_NO_COMMON_BLOCKS = YES;
				GCC_WARN_64_TO_32_BIT_CONVERSION = YES;
				GCC_WARN_ABOUT_RETURN_TYPE = YES_ERROR;
				GCC_WARN_UNDECLARED_SELECTOR = YES;
				GCC_WARN_UNINITIALIZED_AUTOS = YES_AGGRESSIVE;
				GCC_WARN_UNUSED_FUNCTION = YES;
				GCC_WARN_UNUSED_VARIABLE = YES;
				IPHONEOS_DEPLOYMENT_TARGET = 15.2;
				MTL_ENABLE_DEBUG_INFO = NO;
				MTL_FAST_MATH = YES;
				SDKROOT = iphoneos;
				SWIFT_COMPILATION_MODE = wholemodule;
				SWIFT_OPTIMIZATION_LEVEL = "-O";
				VALIDATE_PRODUCT = YES;
			};
			name = Release;
		};
		79FA031027D290A400F41B29 /* Debug */ = {
			isa = XCBuildConfiguration;
			buildSettings = {
				ASSETCATALOG_COMPILER_APPICON_NAME = AppIcon;
				ASSETCATALOG_COMPILER_GLOBAL_ACCENT_COLOR_NAME = AccentColor;
				CODE_SIGN_STYLE = Automatic;
				CURRENT_PROJECT_VERSION = 1;
				DEVELOPMENT_TEAM = RJ4448KW3N;
				GENERATE_INFOPLIST_FILE = YES;
				INFOPLIST_FILE = "3D Nav Drawer/Info.plist";
				INFOPLIST_KEY_UIApplicationSupportsIndirectInputEvents = YES;
				INFOPLIST_KEY_UILaunchStoryboardName = LaunchScreen;
				INFOPLIST_KEY_UIMainStoryboardFile = Main;
				INFOPLIST_KEY_UISupportedInterfaceOrientations_iPad = "UIInterfaceOrientationPortrait UIInterfaceOrientationPortraitUpsideDown UIInterfaceOrientationLandscapeLeft UIInterfaceOrientationLandscapeRight";
				INFOPLIST_KEY_UISupportedInterfaceOrientations_iPhone = "UIInterfaceOrientationPortrait UIInterfaceOrientationLandscapeLeft UIInterfaceOrientationLandscapeRight";
				LD_RUNPATH_SEARCH_PATHS = (
					"$(inherited)",
					"@executable_path/Frameworks",
				);
				MARKETING_VERSION = 1.0;
				PRODUCT_BUNDLE_IDENTIFIER = "com.yashshah.-D-Nav-Drawer";
				PRODUCT_NAME = "$(TARGET_NAME)";
				SWIFT_EMIT_LOC_STRINGS = YES;
				SWIFT_VERSION = 5.0;
				TARGETED_DEVICE_FAMILY = "1,2";
			};
			name = Debug;
		};
		79FA031127D290A400F41B29 /* Release */ = {
			isa = XCBuildConfiguration;
			buildSettings = {
				ASSETCATALOG_COMPILER_APPICON_NAME = AppIcon;
				ASSETCATALOG_COMPILER_GLOBAL_ACCENT_COLOR_NAME = AccentColor;
				CODE_SIGN_STYLE = Automatic;
				CURRENT_PROJECT_VERSION = 1;
				DEVELOPMENT_TEAM = RJ4448KW3N;
				GENERATE_INFOPLIST_FILE = YES;
				INFOPLIST_FILE = "3D Nav Drawer/Info.plist";
				INFOPLIST_KEY_UIApplicationSupportsIndirectInputEvents = YES;
				INFOPLIST_KEY_UILaunchStoryboardName = LaunchScreen;
				INFOPLIST_KEY_UIMainStoryboardFile = Main;
				INFOPLIST_KEY_UISupportedInterfaceOrientations_iPad = "UIInterfaceOrientationPortrait UIInterfaceOrientationPortraitUpsideDown UIInterfaceOrientationLandscapeLeft UIInterfaceOrientationLandscapeRight";
				INFOPLIST_KEY_UISupportedInterfaceOrientations_iPhone = "UIInterfaceOrientationPortrait UIInterfaceOrientationLandscapeLeft UIInterfaceOrientationLandscapeRight";
				LD_RUNPATH_SEARCH_PATHS = (
					"$(inherited)",
					"@executable_path/Frameworks",
				);
				MARKETING_VERSION = 1.0;
				PRODUCT_BUNDLE_IDENTIFIER = "com.yashshah.-D-Nav-Drawer";
				PRODUCT_NAME = "$(TARGET_NAME)";
				SWIFT_EMIT_LOC_STRINGS = YES;
				SWIFT_VERSION = 5.0;
				TARGETED_DEVICE_FAMILY = "1,2";
			};
			name = Release;
		};
/* End XCBuildConfiguration section */

/* Begin XCConfigurationList section */
		79FA02F627D290A100F41B29 /* Build configuration list for PBXProject "3D Nav Drawer" */ = {
			isa = XCConfigurationList;
			buildConfigurations = (
				79FA030D27D290A400F41B29 /* Debug */,
				79FA030E27D290A400F41B29 /* Release */,
			);
			defaultConfigurationIsVisible = 0;
			defaultConfigurationName = Release;
		};
		79FA030F27D290A400F41B29 /* Build configuration list for PBXNativeTarget "3D Nav Drawer" */ = {
			isa = XCConfigurationList;
			buildConfigurations = (
				79FA031027D290A400F41B29 /* Debug */,
				79FA031127D290A400F41B29 /* Release */,
			);
			defaultConfigurationIsVisible = 0;
			defaultConfigurationName = Release;
		};
/* End XCConfigurationList section */
	};
	rootObject = 79FA02F327D290A100F41B29 /* Project object */;
}
